
Microsoft Visual Studio Solution File, Format Version 12.00
# Visual Studio Version 17
VisualStudioVersion = 17.7.34031.279
MinimumVisualStudioVersion = 10.0.40219.1
Project("{FAE04EC0-301F-11D3-BF4B-00C04F79EFBC}") = "Week5LogicalOperators", "Week5LogicalOperators\Week5LogicalOperators.csproj", "{3CBC64C2-6794-46C7-9DFB-DBEE822F0614}"
EndProject
Project("{FAE04EC0-301F-11D3-BF4B-00C04F79EFBC}") = "ANDOperator", "ANDOperator\ANDOperator.csproj", "{79C251D8-9425-4A8C-85E6-B53CA1A94534}"
EndProject
Project("{FAE04EC0-301F-11D3-BF4B-00C04F79EFBC}") = "OROperator", "OROperator\OROperator.csproj", "{E4712706-2865-466B-A55A-2B9FA6C3C587}"
EndProject
Project("{FAE04EC0-301F-11D3-BF4B-00C04F79EFBC}") = "ANDRanges", "ANDRanges\ANDRanges.csproj", "{B9E4F4A1-609D-4D3B-819D-3AE9090297C3}"
EndProject
Global
	GlobalSection(SolutionConfigurationPlatforms) = preSolution
		Debug|Any CPU = Debug|Any CPU
		Release|Any CPU = Release|Any CPU
	EndGlobalSection
	GlobalSection(ProjectConfigurationPlatforms) = postSolution
		{3CBC64C2-6794-46C7-9DFB-DBEE822F0614}.Debug|Any CPU.ActiveCfg = Debug|Any CPU
		{3CBC64C2-6794-46C7-9DFB-DBEE822F0614}.Debug|Any CPU.Build.0 = Debug|Any CPU
		{3CBC64C2-6794-46C7-9DFB-DBEE822F0614}.Release|Any CPU.ActiveCfg = Release|Any CPU
		{3CBC64C2-6794-46C7-9DFB-DBEE822F0614}.Release|Any CPU.Build.0 = Release|Any CPU
		{79C251D8-9425-4A8C-85E6-B53CA1A94534}.Debug|Any CPU.ActiveCfg = Debug|Any CPU
		{79C251D8-9425-4A8C-85E6-B53CA1A94534}.Debug|Any CPU.Build.0 = Debug|Any CPU
		{79C251D8-9425-4A8C-85E6-B53CA1A94534}.Release|Any CPU.ActiveCfg = Release|Any CPU
		{79C251D8-9425-4A8C-85E6-B53CA1A94534}.Release|Any CPU.Build.0 = Release|Any CPU
		{E4712706-2865-466B-A55A-2B9FA6C3C587}.Debug|Any CPU.ActiveCfg = Debug|Any CPU
		{E4712706-2865-466B-A55A-2B9FA6C3C587}.Debug|Any CPU.Build.0 = Debug|Any CPU
		{E4712706-2865-466B-A55A-2B9FA6C3C587}.Release|Any CPU.ActiveCfg = Release|Any CPU
		{E4712706-2865-466B-A55A-2B9FA6C3C587}.Release|Any CPU.Build.0 = Release|Any CPU
		{B9E4F4A1-609D-4D3B-819D-3AE9090297C3}.Debug|Any CPU.ActiveCfg = Debug|Any CPU
		{B9E4F4A1-609D-4D3B-819D-3AE9090297C3}.Debug|Any CPU.Build.0 = Debug|Any CPU
		{B9E4F4A1-609D-4D3B-819D-3AE9090297C3}.Release|Any CPU.ActiveCfg = Release|Any CPU
		{B9E4F4A1-609D-4D3B-819D-3AE9090297C3}.Release|Any CPU.Build.0 = Release|Any CPU
	EndGlobalSection
	GlobalSection(SolutionProperties) = preSolution
		HideSolutionNode = FALSE
	EndGlobalSection
	GlobalSection(ExtensibilityGlobals) = postSolution
		SolutionGuid = {1ECDDB07-4238-4C24-B703-0A372C34FAB9}
	EndGlobalSection
EndGlobal
